
Microsoft Visual Studio Solution File, Format Version 12.00
# Visual Studio Version 16
VisualStudioVersion = 16.0.32106.194
MinimumVisualStudioVersion = 10.0.40219.1
Project("{FAE04EC0-301F-11D3-BF4B-00C04F79EFBC}") = "TraversalCoreProje", "TraversalCoreProje\TraversalCoreProje.csproj", "{53F4EBD8-798F-4DB2-A70D-1EDD75A32718}"
EndProject
Project("{FAE04EC0-301F-11D3-BF4B-00C04F79EFBC}") = "EntityLayer", "EntityLayer\EntityLayer.csproj", "{091A2B5A-2F27-4E78-A6D7-86C6173992D9}"
EndProject
Project("{FAE04EC0-301F-11D3-BF4B-00C04F79EFBC}") = "BusinessLayer", "BusinessLayer\BusinessLayer.csproj", "{FAC4455B-1ACF-44FA-BF73-CC8BC68E40B2}"
EndProject
Project("{FAE04EC0-301F-11D3-BF4B-00C04F79EFBC}") = "DataAccessLayer", "DataAccessLayer\DataAccessLayer.csproj", "{2776D88E-772E-4EB4-A740-4DD40AA97A30}"
EndProject
Global
	GlobalSection(SolutionConfigurationPlatforms) = preSolution
		Debug|Any CPU = Debug|Any CPU
		Release|Any CPU = Release|Any CPU
	EndGlobalSection
	GlobalSection(ProjectConfigurationPlatforms) = postSolution
		{53F4EBD8-798F-4DB2-A70D-1EDD75A32718}.Debug|Any CPU.ActiveCfg = Debug|Any CPU
		{53F4EBD8-798F-4DB2-A70D-1EDD75A32718}.Debug|Any CPU.Build.0 = Debug|Any CPU
		{53F4EBD8-798F-4DB2-A70D-1EDD75A32718}.Release|Any CPU.ActiveCfg = Release|Any CPU
		{53F4EBD8-798F-4DB2-A70D-1EDD75A32718}.Release|Any CPU.Build.0 = Release|Any CPU
		{091A2B5A-2F27-4E78-A6D7-86C6173992D9}.Debug|Any CPU.ActiveCfg = Debug|Any CPU
		{091A2B5A-2F27-4E78-A6D7-86C6173992D9}.Debug|Any CPU.Build.0 = Debug|Any CPU
		{091A2B5A-2F27-4E78-A6D7-86C6173992D9}.Release|Any CPU.ActiveCfg = Release|Any CPU
		{091A2B5A-2F27-4E78-A6D7-86C6173992D9}.Release|Any CPU.Build.0 = Release|Any CPU
		{FAC4455B-1ACF-44FA-BF73-CC8BC68E40B2}.Debug|Any CPU.ActiveCfg = Debug|Any CPU
		{FAC4455B-1ACF-44FA-BF73-CC8BC68E40B2}.Debug|Any CPU.Build.0 = Debug|Any CPU
		{FAC4455B-1ACF-44FA-BF73-CC8BC68E40B2}.Release|Any CPU.ActiveCfg = Release|Any CPU
		{FAC4455B-1ACF-44FA-BF73-CC8BC68E40B2}.Release|Any CPU.Build.0 = Release|Any CPU
		{2776D88E-772E-4EB4-A740-4DD40AA97A30}.Debug|Any CPU.ActiveCfg = Debug|Any CPU
		{2776D88E-772E-4EB4-A740-4DD40AA97A30}.Debug|Any CPU.Build.0 = Debug|Any CPU
		{2776D88E-772E-4EB4-A740-4DD40AA97A30}.Release|Any CPU.ActiveCfg = Release|Any CPU
		{2776D88E-772E-4EB4-A740-4DD40AA97A30}.Release|Any CPU.Build.0 = Release|Any CPU
	EndGlobalSection
	GlobalSection(SolutionProperties) = preSolution
		HideSolutionNode = FALSE
	EndGlobalSection
	GlobalSection(ExtensibilityGlobals) = postSolution
		SolutionGuid = {F1DF4566-AFCE-4F0A-8DFB-009B685142D3}
	EndGlobalSection
EndGlobal
